{
  "name": "blogcode",
  "version": "1.0.0",
  "lockfileVersion": 1,
  "requires": true,
  "dependencies": {
    "@vuepress/plugin-active-header-links": {
      "version": "1.5.2",
      "resolved": "https://registry.npmjs.org/@vuepress/plugin-active-header-links/-/plugin-active-header-links-1.5.2.tgz",
      "integrity": "sha512-bZP/0jpouVSvMypixx2/I7kxWFUV4HfwLNx7UxbtuDrykQzXnA2cz6yTra8Y1ZoXACbRp6TIqGlWpCUafBzyww==",
      "dev": true,
      "requires": {
        "lodash.debounce": "^4.0.8"
      }
    },
    "lodash.debounce": {
      "version": "4.0.8",
      "resolved": "https://registry.npmjs.org/lodash.debounce/-/lodash.debounce-4.0.8.tgz",
      "integrity": "sha1-gteb/zCmfEAF/9XiUVMArZyk168=",
      "dev": true
    }
  }
}
